
Microsoft Visual Studio Solution File, Format Version 12.00
# Visual Studio Version 16
VisualStudioVersion = 16.0.31402.337
MinimumVisualStudioVersion = 10.0.40219.1
Project("{9A19103F-16F7-4668-BE54-9A1E7A4F7556}") = "Core.KidsLearning", "Core.KidsLearning\Core.KidsLearning.csproj", "{1D5795FC-4FA5-4FA0-820E-A31FAC58274F}"
EndProject
Project("{9A19103F-16F7-4668-BE54-9A1E7A4F7556}") = "Core.KidsLearning.Classed", "Core.KidsLearning.Classed\Core.KidsLearning.Classed.csproj", "{342F6644-D867-4015-AFD3-0DEBD6979778}"
EndProject
Project("{9A19103F-16F7-4668-BE54-9A1E7A4F7556}") = "Core.KidsLearning.Control", "Core.KidsLearning.Control\Core.KidsLearning.Control.csproj", "{2F7FC744-068E-46B1-8189-5B8B9D56FE15}"
EndProject
Global
	GlobalSection(SolutionConfigurationPlatforms) = preSolution
		Debug|Any CPU = Debug|Any CPU
		Release|Any CPU = Release|Any CPU
	EndGlobalSection
	GlobalSection(ProjectConfigurationPlatforms) = postSolution
		{1D5795FC-4FA5-4FA0-820E-A31FAC58274F}.Debug|Any CPU.ActiveCfg = Debug|Any CPU
		{1D5795FC-4FA5-4FA0-820E-A31FAC58274F}.Debug|Any CPU.Build.0 = Debug|Any CPU
		{1D5795FC-4FA5-4FA0-820E-A31FAC58274F}.Release|Any CPU.ActiveCfg = Release|Any CPU
		{1D5795FC-4FA5-4FA0-820E-A31FAC58274F}.Release|Any CPU.Build.0 = Release|Any CPU
		{342F6644-D867-4015-AFD3-0DEBD6979778}.Debug|Any CPU.ActiveCfg = Debug|Any CPU
		{342F6644-D867-4015-AFD3-0DEBD6979778}.Debug|Any CPU.Build.0 = Debug|Any CPU
		{342F6644-D867-4015-AFD3-0DEBD6979778}.Release|Any CPU.ActiveCfg = Release|Any CPU
		{342F6644-D867-4015-AFD3-0DEBD6979778}.Release|Any CPU.Build.0 = Release|Any CPU
		{2F7FC744-068E-46B1-8189-5B8B9D56FE15}.Debug|Any CPU.ActiveCfg = Debug|Any CPU
		{2F7FC744-068E-46B1-8189-5B8B9D56FE15}.Debug|Any CPU.Build.0 = Debug|Any CPU
		{2F7FC744-068E-46B1-8189-5B8B9D56FE15}.Release|Any CPU.ActiveCfg = Release|Any CPU
		{2F7FC744-068E-46B1-8189-5B8B9D56FE15}.Release|Any CPU.Build.0 = Release|Any CPU
	EndGlobalSection
	GlobalSection(SolutionProperties) = preSolution
		HideSolutionNode = FALSE
	EndGlobalSection
	GlobalSection(ExtensibilityGlobals) = postSolution
		SolutionGuid = {6F8CE329-24F0-4BD4-BCD8-33966DDFED3E}
	EndGlobalSection
EndGlobal
